{
  "name": "inventory_management",
  "version": "0.1.0",
  "lockfileVersion": 1,
  "requires": true,
  "dependencies": {
    "@kintone/rest-api-client-wechat-mp": {
      "version": "0.1.0",
      "resolved": "https://registry.npmjs.org/@kintone/rest-api-client-wechat-mp/-/rest-api-client-wechat-mp-0.1.0.tgz",
      "integrity": "sha512-/g7PxnpCXIR6y4zesM95gM6LsCnvhngj8UXE32LHy7d2yxQfQdhbzfJbLoat5/yJ7vNHUgDpsYF5ni+cDEMyIA=="
    }
  }
}
